
Microsoft Visual Studio Solution File, Format Version 12.00
# Visual Studio 15
Project("{FAE04EC0-301F-11D3-BF4B-00C04F79EFBC}") = "Assembly-CSharp", "Assembly-CSharp.csproj", "{92E3203B-DB7D-D204-8A22-D95EF8DBA5DD}"
EndProject
Project("{FAE04EC0-301F-11D3-BF4B-00C04F79EFBC}") = "Assembly-CSharp-Editor", "Assembly-CSharp-Editor.csproj", "{701878D5-8B04-602A-1C49-E2B6201556B8}"
EndProject
Global
	GlobalSection(SolutionConfigurationPlatforms) = preSolution
		Debug|Any CPU = Debug|Any CPU
		Release|Any CPU = Release|Any CPU
	EndGlobalSection
	GlobalSection(ProjectConfigurationPlatforms) = postSolution
		{92E3203B-DB7D-D204-8A22-D95EF8DBA5DD}.Debug|Any CPU.ActiveCfg = Debug|Any CPU
		{92E3203B-DB7D-D204-8A22-D95EF8DBA5DD}.Debug|Any CPU.Build.0 = Debug|Any CPU
		{92E3203B-DB7D-D204-8A22-D95EF8DBA5DD}.Release|Any CPU.ActiveCfg = Release|Any CPU
		{92E3203B-DB7D-D204-8A22-D95EF8DBA5DD}.Release|Any CPU.Build.0 = Release|Any CPU
		{701878D5-8B04-602A-1C49-E2B6201556B8}.Debug|Any CPU.ActiveCfg = Debug|Any CPU
		{701878D5-8B04-602A-1C49-E2B6201556B8}.Debug|Any CPU.Build.0 = Debug|Any CPU
		{701878D5-8B04-602A-1C49-E2B6201556B8}.Release|Any CPU.ActiveCfg = Release|Any CPU
		{701878D5-8B04-602A-1C49-E2B6201556B8}.Release|Any CPU.Build.0 = Release|Any CPU
	EndGlobalSection
	GlobalSection(SolutionProperties) = preSolution
		HideSolutionNode = FALSE
	EndGlobalSection
EndGlobal
